# This file is automatically @generated by Cargo.
# It is not intended for manual editing.
version = 3

[[package]]
name = "sicql"
version = "0.1.0"
dependencies = [
 "sicql-compiler",
 "sicql-engine",
 "sicql-fs",
]

[[package]]
name = "sicql-compiler"
version = "0.1.0"

[[package]]
name = "sicql-engine"
version = "0.1.0"

[[package]]
name = "sicql-fs"
version = "0.1.0"
